
Microsoft Visual Studio Solution File, Format Version 12.00
Project("{FAE04EC0-301F-11D3-BF4B-00C04F79EFBC}") = "Antda.Core", "Antda.Core\Antda.Core.csproj", "{292D386C-189C-4442-802B-D8B08B2BB063}"
EndProject
Global
	GlobalSection(SolutionConfigurationPlatforms) = preSolution
		Debug|Any CPU = Debug|Any CPU
		Release|Any CPU = Release|Any CPU
	EndGlobalSection
	GlobalSection(ProjectConfigurationPlatforms) = postSolution
		{292D386C-189C-4442-802B-D8B08B2BB063}.Debug|Any CPU.ActiveCfg = Debug|Any CPU
		{292D386C-189C-4442-802B-D8B08B2BB063}.Debug|Any CPU.Build.0 = Debug|Any CPU
		{292D386C-189C-4442-802B-D8B08B2BB063}.Release|Any CPU.ActiveCfg = Release|Any CPU
		{292D386C-189C-4442-802B-D8B08B2BB063}.Release|Any CPU.Build.0 = Release|Any CPU
	EndGlobalSection
EndGlobal
